// !$*UTF8*$!
{
	archiveVersion = 1;
	classes = {
	};
	objectVersion = 55;
	objects = {

/* Begin PBXBuildFile section */
		00A5696F2852420000816F44 /* Tests_iOS.swift in Sources */ = {isa = PBXBuildFile; fileRef = 00A5696E2852420000816F44 /* Tests_iOS.swift */; };
		00A569712852420000816F44 /* Tests_iOSLaunchTests.swift in Sources */ = {isa = PBXBuildFile; fileRef = 00A569702852420000816F44 /* Tests_iOSLaunchTests.swift */; };
		00A5697B2852420000816F44 /* Tests_macOS.swift in Sources */ = {isa = PBXBuildFile; fileRef = 00A5697A2852420000816F44 /* Tests_macOS.swift */; };
		00A5697D2852420000816F44 /* Tests_macOSLaunchTests.swift in Sources */ = {isa = PBXBuildFile; fileRef = 00A5697C2852420000816F44 /* Tests_macOSLaunchTests.swift */; };
		00A5697E2852420000816F44 /* TodoApp.swift in Sources */ = {isa = PBXBuildFile; fileRef = 00A56956285241FD00816F44 /* TodoApp.swift */; };
		00A5697F2852420000816F44 /* TodoApp.swift in Sources */ = {isa = PBXBuildFile; fileRef = 00A56956285241FD00816F44 /* TodoApp.swift */; };
		00A569802852420000816F44 /* ContentView.swift in Sources */ = {isa = PBXBuildFile; fileRef = 00A56957285241FD00816F44 /* ContentView.swift */; };
		00A569812852420000816F44 /* ContentView.swift in Sources */ = {isa = PBXBuildFile; fileRef = 00A56957285241FD00816F44 /* ContentView.swift */; };
		00A569822852420000816F44 /* Assets.xcassets in Resources */ = {isa = PBXBuildFile; fileRef = 00A569582852420000816F44 /* Assets.xcassets */; };
		00A569832852420000816F44 /* Assets.xcassets in Resources */ = {isa = PBXBuildFile; fileRef = 00A569582852420000816F44 /* Assets.xcassets */; };
		00D55D532858A5F700752718 /* NewCreateView.swift in Sources */ = {isa = PBXBuildFile; fileRef = 00D55D522858A5F700752718 /* NewCreateView.swift */; };
		00D55D542858A5F700752718 /* NewCreateView.swift in Sources */ = {isa = PBXBuildFile; fileRef = 00D55D522858A5F700752718 /* NewCreateView.swift */; };
		F511DFB7287E5C4F007ECA45 /* Model.swift in Sources */ = {isa = PBXBuildFile; fileRef = F511DFB6287E5C4F007ECA45 /* Model.swift */; };
		F511DFB8287E5C4F007ECA45 /* Model.swift in Sources */ = {isa = PBXBuildFile; fileRef = F511DFB6287E5C4F007ECA45 /* Model.swift */; };
		F54DC2F02872F5920087B68A /* Todo.swift in Sources */ = {isa = PBXBuildFile; fileRef = F54DC2EF2872F5920087B68A /* Todo.swift */; };
		F54DC2F12872F5920087B68A /* Todo.swift in Sources */ = {isa = PBXBuildFile; fileRef = F54DC2EF2872F5920087B68A /* Todo.swift */; };
/* End PBXBuildFile section */

/* Begin PBXContainerItemProxy section */
		00A5696B2852420000816F44 /* PBXContainerItemProxy */ = {
			isa = PBXContainerItemProxy;
			containerPortal = 00A56951285241FC00816F44 /* Project object */;
			proxyType = 1;
			remoteGlobalIDString = 00A5695C2852420000816F44;
			remoteInfo = "Todo (iOS)";
		};
		00A569772852420000816F44 /* PBXContainerItemProxy */ = {
			isa = PBXContainerItemProxy;
			containerPortal = 00A56951285241FC00816F44 /* Project object */;
			proxyType = 1;
			remoteGlobalIDString = 00A569622852420000816F44;
			remoteInfo = "Todo (macOS)";
		};
/* End PBXContainerItemProxy section */

/* Begin PBXFileReference section */
		00A56956285241FD00816F44 /* TodoApp.swift */ = {isa = PBXFileReference; lastKnownFileType = sourcecode.swift; path = TodoApp.swift; sourceTree = "<group>"; };
		00A56957285241FD00816F44 /* ContentView.swift */ = {isa = PBXFileReference; lastKnownFileType = sourcecode.swift; path = ContentView.swift; sourceTree = "<group>"; };
		00A569582852420000816F44 /* Assets.xcassets */ = {isa = PBXFileReference; lastKnownFileType = folder.assetcatalog; path = Assets.xcassets; sourceTree = "<group>"; };
		00A5695D2852420000816F44 /* Todo.app */ = {isa = PBXFileReference; explicitFileType = wrapper.application; includeInIndex = 0; path = Todo.app; sourceTree = BUILT_PRODUCTS_DIR; };
		00A569632852420000816F44 /* Todo.app */ = {isa = PBXFileReference; explicitFileType = wrapper.application; includeInIndex = 0; path = Todo.app; sourceTree = BUILT_PRODUCTS_DIR; };
		00A569652852420000816F44 /* macOS.entitlements */ = {isa = PBXFileReference; lastKnownFileType = text.plist.entitlements; path = macOS.entitlements; sourceTree = "<group>"; };
		00A5696A2852420000816F44 /* Tests iOS.xctest */ = {isa = PBXFileReference; explicitFileType = wrapper.cfbundle; includeInIndex = 0; path = "Tests iOS.xctest"; sourceTree = BUILT_PRODUCTS_DIR; };
		00A5696E2852420000816F44 /* Tests_iOS.swift */ = {isa = PBXFileReference; lastKnownFileType = sourcecode.swift; path = Tests_iOS.swift; sourceTree = "<group>"; };
		00A569702852420000816F44 /* Tests_iOSLaunchTests.swift */ = {isa = PBXFileReference; lastKnownFileType = sourcecode.swift; path = Tests_iOSLaunchTests.swift; sourceTree = "<group>"; };
		00A569762852420000816F44 /* Tests macOS.xctest */ = {isa = PBXFileReference; explicitFileType = wrapper.cfbundle; includeInIndex = 0; path = "Tests macOS.xctest"; sourceTree = BUILT_PRODUCTS_DIR; };
		00A5697A2852420000816F44 /* Tests_macOS.swift */ = {isa = PBXFileReference; lastKnownFileType = sourcecode.swift; path = Tests_macOS.swift; sourceTree = "<group>"; };
		00A5697C2852420000816F44 /* Tests_macOSLaunchTests.swift */ = {isa = PBXFileReference; lastKnownFileType = sourcecode.swift; path = Tests_macOSLaunchTests.swift; sourceTree = "<group>"; };
		00D55D522858A5F700752718 /* NewCreateView.swift */ = {isa = PBXFileReference; lastKnownFileType = sourcecode.swift; path = NewCreateView.swift; sourceTree = "<group>"; };
		F511DFB6287E5C4F007ECA45 /* Model.swift */ = {isa = PBXFileReference; lastKnownFileType = sourcecode.swift; path = Model.swift; sourceTree = "<group>"; };
		F54DC2EF2872F5920087B68A /* Todo.swift */ = {isa = PBXFileReference; lastKnownFileType = sourcecode.swift; path = Todo.swift; sourceTree = "<group>"; };
/* End PBXFileReference section */

/* Begin PBXFrameworksBuildPhase section */
		00A5695A2852420000816F44 /* Frameworks */ = {
			isa = PBXFrameworksBuildPhase;
			buildActionMask = 2147483647;
			files = (
			);
			runOnlyForDeploymentPostprocessing = 0;
		};
		00A569602852420000816F44 /* Frameworks */ = {
			isa = PBXFrameworksBuildPhase;
			buildActionMask = 2147483647;
			files = (
			);
			runOnlyForDeploymentPostprocessing = 0;
		};
		00A569672852420000816F44 /* Frameworks */ = {
			isa = PBXFrameworksBuildPhase;
			buildActionMask = 2147483647;
			files = (
			);
			runOnlyForDeploymentPostprocessing = 0;
		};
		00A569732852420000816F44 /* Frameworks */ = {
			isa = PBXFrameworksBuildPhase;
			buildActionMask = 2147483647;
			files = (
			);
			runOnlyForDeploymentPostprocessing = 0;
		};
/* End PBXFrameworksBuildPhase section */

/* Begin PBXGroup section */
		00A56950285241FC00816F44 = {
			isa = PBXGroup;
			children = (
				00A56955285241FD00816F44 /* Shared */,
				00A569642852420000816F44 /* macOS */,
				00A5696D2852420000816F44 /* Tests iOS */,
				00A569792852420000816F44 /* Tests macOS */,
				00A5695E2852420000816F44 /* Products */,
			);
			sourceTree = "<group>";
		};
		00A56955285241FD00816F44 /* Shared */ = {
			isa = PBXGroup;
			children = (
				00A56956285241FD00816F44 /* TodoApp.swift */,
				00A56957285241FD00816F44 /* ContentView.swift */,
				00D55D522858A5F700752718 /* NewCreateView.swift */,
				F54DC2EF2872F5920087B68A /* Todo.swift */,
				F511DFB6287E5C4F007ECA45 /* Model.swift */,
				00A569582852420000816F44 /* Assets.xcassets */,
			);
			path = Shared;
			sourceTree = "<group>";
		};
		00A5695E2852420000816F44 /* Products */ = {
			isa = PBXGroup;
			children = (
				00A5695D2852420000816F44 /* Todo.app */,
				00A569632852420000816F44 /* Todo.app */,
				00A5696A2852420000816F44 /* Tests iOS.xctest */,
				00A569762852420000816F44 /* Tests macOS.xctest */,
			);
			name = Products;
			sourceTree = "<group>";
		};
		00A569642852420000816F44 /* macOS */ = {
			isa = PBXGroup;
			children = (
				00A569652852420000816F44 /* macOS.entitlements */,
			);
			path = macOS;
			sourceTree = "<group>";
		};
		00A5696D2852420000816F44 /* Tests iOS */ = {
			isa = PBXGroup;
			children = (
				00A5696E2852420000816F44 /* Tests_iOS.swift */,
				00A569702852420000816F44 /* Tests_iOSLaunchTests.swift */,
			);
			path = "Tests iOS";
			sourceTree = "<group>";
		};
		00A569792852420000816F44 /* Tests macOS */ = {
			isa = PBXGroup;
			children = (
				00A5697A2852420000816F44 /* Tests_macOS.swift */,
				00A5697C2852420000816F44 /* Tests_macOSLaunchTests.swift */,
			);
			path = "Tests macOS";
			sourceTree = "<group>";
		};
/* End PBXGroup section */

/* Begin PBXNativeTarget section */
		00A5695C2852420000816F44 /* Todo (iOS) */ = {
			isa = PBXNativeTarget;
			buildConfigurationList = 00A569862852420000816F44 /* Build configuration list for PBXNativeTarget "Todo (iOS)" */;
			buildPhases = (
				00A569592852420000816F44 /* Sources */,
				00A5695A2852420000816F44 /* Frameworks */,
				00A5695B2852420000816F44 /* Resources */,
			);
			buildRules = (
			);
			dependencies = (
			);
			name = "Todo (iOS)";
			productName = "Todo (iOS)";
			productReference = 00A5695D2852420000816F44 /* Todo.app */;
			productType = "com.apple.product-type.application";
		};
		00A569622852420000816F44 /* Todo (macOS) */ = {
			isa = PBXNativeTarget;
			buildConfigurationList = 00A569892852420000816F44 /* Build configuration list for PBXNativeTarget "Todo (macOS)" */;
			buildPhases = (
				00A5695F2852420000816F44 /* Sources */,
				00A569602852420000816F44 /* Frameworks */,
				00A569612852420000816F44 /* Resources */,
			);
			buildRules = (
			);
			dependencies = (
			);
			name = "Todo (macOS)";
			productName = "Todo (macOS)";
			productReference = 00A569632852420000816F44 /* Todo.app */;
			productType = "com.apple.product-type.application";
		};
		00A569692852420000816F44 /* Tests iOS */ = {
			isa = PBXNativeTarget;
			buildConfigurationList = 00A5698C2852420000816F44 /* Build configuration list for PBXNativeTarget "Tests iOS" */;
			buildPhases = (
				00A569662852420000816F44 /* Sources */,
				00A569672852420000816F44 /* Frameworks */,
				00A569682852420000816F44 /* Resources */,
			);
			buildRules = (
			);
			dependencies = (
				00A5696C2852420000816F44 /* PBXTargetDependency */,
			);
			name = "Tests iOS";
			productName = "Tests iOS";
			productReference = 00A5696A2852420000816F44 /* Tests iOS.xctest */;
			productType = "com.apple.product-type.bundle.ui-testing";
		};
		00A569752852420000816F44 /* Tests macOS */ = {
			isa = PBXNativeTarget;
			buildConfigurationList = 00A5698F2852420000816F44 /* Build configuration list for PBXNativeTarget "Tests macOS" */;
			buildPhases = (
				00A569722852420000816F44 /* Sources */,
				00A569732852420000816F44 /* Frameworks */,
				00A569742852420000816F44 /* Resources */,
			);
			buildRules = (
			);
			dependencies = (
				00A569782852420000816F44 /* PBXTargetDependency */,
			);
			name = "Tests macOS";
			productName = "Tests macOS";
			productReference = 00A569762852420000816F44 /* Tests macOS.xctest */;
			productType = "com.apple.product-type.bundle.ui-testing";
		};
/* End PBXNativeTarget section */

/* Begin PBXProject section */
		00A56951285241FC00816F44 /* Project object */ = {
			isa = PBXProject;
			attributes = {
				BuildIndependentTargetsInParallel = 1;
				LastSwiftUpdateCheck = 1340;
				LastUpgradeCheck = 1340;
				TargetAttributes = {
					00A5695C2852420000816F44 = {
						CreatedOnToolsVersion = 13.4.1;
					};
					00A569622852420000816F44 = {
						CreatedOnToolsVersion = 13.4.1;
					};
					00A569692852420000816F44 = {
						CreatedOnToolsVersion = 13.4.1;
						TestTargetID = 00A5695C2852420000816F44;
					};
					00A569752852420000816F44 = {
						CreatedOnToolsVersion = 13.4.1;
						TestTargetID = 00A569622852420000816F44;
					};
				};
			};
			buildConfigurationList = 00A56954285241FC00816F44 /* Build configuration list for PBXProject "Todo" */;
			compatibilityVersion = "Xcode 13.0";
			developmentRegion = en;
			hasScannedForEncodings = 0;
			knownRegions = (
				en,
				Base,
			);
			mainGroup = 00A56950285241FC00816F44;
			productRefGroup = 00A5695E2852420000816F44 /* Products */;
			projectDirPath = "";
			projectRoot = "";
			targets = (
				00A5695C2852420000816F44 /* Todo (iOS) */,
				00A569622852420000816F44 /* Todo (macOS) */,
				00A569692852420000816F44 /* Tests iOS */,
				00A569752852420000816F44 /* Tests macOS */,
			);
		};
/* End PBXProject section */

/* Begin PBXResourcesBuildPhase section */
		00A5695B2852420000816F44 /* Resources */ = {
			isa = PBXResourcesBuildPhase;
			buildActionMask = 2147483647;
			files = (
				00A569822852420000816F44 /* Assets.xcassets in Resources */,
			);
			runOnlyForDeploymentPostprocessing = 0;
		};
		00A569612852420000816F44 /* Resources */ = {
			isa = PBXResourcesBuildPhase;
			buildActionMask = 2147483647;
			files = (
				00A569832852420000816F44 /* Assets.xcassets in Resources */,
			);
			runOnlyForDeploymentPostprocessing = 0;
		};
		00A569682852420000816F44 /* Resources */ = {
			isa = PBXResourcesBuildPhase;
			buildActionMask = 2147483647;
			files = (
			);
			runOnlyForDeploymentPostprocessing = 0;
		};
		00A569742852420000816F44 /* Resources */ = {
			isa = PBXResourcesBuildPhase;
			buildActionMask = 2147483647;
			files = (
			);
			runOnlyForDeploymentPostprocessing = 0;
		};
/* End PBXResourcesBuildPhase section */

/* Begin PBXSourcesBuildPhase section */
		00A569592852420000816F44 /* Sources */ = {
			isa = PBXSourcesBuildPhase;
			buildActionMask = 2147483647;
			files = (
				F511DFB7287E5C4F007ECA45 /* Model.swift in Sources */,
				00A569802852420000816F44 /* ContentView.swift in Sources */,
				00D55D532858A5F700752718 /* NewCreateView.swift in Sources */,
				00A5697E2852420000816F44 /* TodoApp.swift in Sources */,
				F54DC2F02872F5920087B68A /* Todo.swift in Sources */,
			);
			runOnlyForDeploymentPostprocessing = 0;
		};
		00A5695F2852420000816F44 /* Sources */ = {
			isa = PBXSourcesBuildPhase;
			buildActionMask = 2147483647;
			files = (
				F511DFB8287E5C4F007ECA45 /* Model.swift in Sources */,
				00A569812852420000816F44 /* ContentView.swift in Sources */,
				00D55D542858A5F700752718 /* NewCreateView.swift in Sources */,
				00A5697F2852420000816F44 /* TodoApp.swift in Sources */,
				F54DC2F12872F5920087B68A /* Todo.swift in Sources */,
			);
			runOnlyForDeploymentPostprocessing = 0;
		};
		00A569662852420000816F44 /* Sources */ = {
			isa = PBXSourcesBuildPhase;
			buildActionMask = 2147483647;
			files = (
				00A569712852420000816F44 /* Tests_iOSLaunchTests.swift in Sources */,
				00A5696F2852420000816F44 /* Tests_iOS.swift in Sources */,
			);
			runOnlyForDeploymentPostprocessing = 0;
		};
		00A569722852420000816F44 /* Sources */ = {
			isa = PBXSourcesBuildPhase;
			buildActionMask = 2147483647;
			files = (
				00A5697D2852420000816F44 /* Tests_macOSLaunchTests.swift in Sources */,
				00A5697B2852420000816F44 /* Tests_macOS.swift in Sources */,
			);
			runOnlyForDeploymentPostprocessing = 0;
		};
/* End PBXSourcesBuildPhase section */

/* Begin PBXTargetDependency section */
		00A5696C2852420000816F44 /* PBXTargetDependency */ = {
			isa = PBXTargetDependency;
			target = 00A5695C2852420000816F44 /* Todo (iOS) */;
			targetProxy = 00A5696B2852420000816F44 /* PBXContainerItemProxy */;
		};
		00A569782852420000816F44 /* PBXTargetDependency */ = {
			isa = PBXTargetDependency;
			target = 00A569622852420000816F44 /* Todo (macOS) */;
			targetProxy = 00A569772852420000816F44 /* PBXContainerItemProxy */;
		};
/* End PBXTargetDependency section */

/* Begin XCBuildConfiguration section */
		00A569842852420000816F44 /* Debug */ = {
			isa = XCBuildConfiguration;
			buildSettings = {
				ALWAYS_SEARCH_USER_PATHS = NO;
				CLANG_ANALYZER_NONNULL = YES;
				CLANG_ANALYZER_NUMBER_OBJECT_CONVERSION = YES_AGGRESSIVE;
				CLANG_CXX_LANGUAGE_STANDARD = "gnu++17";
				CLANG_ENABLE_MODULES = YES;
				CLANG_ENABLE_OBJC_ARC = YES;
				CLANG_ENABLE_OBJC_WEAK = YES;
				CLANG_WARN_BLOCK_CAPTURE_AUTORELEASING = YES;
				CLANG_WARN_BOOL_CONVERSION = YES;
				CLANG_WARN_COMMA = YES;
				CLANG_WARN_CONSTANT_CONVERSION = YES;
				CLANG_WARN_DEPRECATED_OBJC_IMPLEMENTATIONS = YES;
				CLANG_WARN_DIRECT_OBJC_ISA_USAGE = YES_ERROR;
				CLANG_WARN_DOCUMENTATION_COMMENTS = YES;
				CLANG_WARN_EMPTY_BODY = YES;
				CLANG_WARN_ENUM_CONVERSION = YES;
				CLANG_WARN_INFINITE_RECURSION = YES;
				CLANG_WARN_INT_CONVERSION = YES;
				CLANG_WARN_NON_LITERAL_NULL_CONVERSION = YES;
				CLANG_WARN_OBJC_IMPLICIT_RETAIN_SELF = YES;
				CLANG_WARN_OBJC_LITERAL_CONVERSION = YES;
				CLANG_WARN_OBJC_ROOT_CLASS = YES_ERROR;
				CLANG_WARN_QUOTED_INCLUDE_IN_FRAMEWORK_HEADER = YES;
				CLANG_WARN_RANGE_LOOP_ANALYSIS = YES;
				CLANG_WARN_STRICT_PROTOTYPES = YES;
				CLANG_WARN_SUSPICIOUS_MOVE = YES;
				CLANG_WARN_UNGUARDED_AVAILABILITY = YES_AGGRESSIVE;
				CLANG_WARN_UNREACHABLE_CODE = YES;
				CLANG_WARN__DUPLICATE_METHOD_MATCH = YES;
				COPY_PHASE_STRIP = NO;
				DEBUG_INFORMATION_FORMAT = dwarf;
				ENABLE_STRICT_OBJC_MSGSEND = YES;
				ENABLE_TESTABILITY = YES;
				GCC_C_LANGUAGE_STANDARD = gnu11;
				GCC_DYNAMIC_NO_PIC = NO;
				GCC_NO_COMMON_BLOCKS = YES;
				GCC_OPTIMIZATION_LEVEL = 0;
				GCC_PREPROCESSOR_DEFINITIONS = (
					"DEBUG=1",
					"$(inherited)",
				);
				GCC_WARN_64_TO_32_BIT_CONVERSION = YES;
				GCC_WARN_ABOUT_RETURN_TYPE = YES_ERROR;
				GCC_WARN_UNDECLARED_SELECTOR = YES;
				GCC_WARN_UNINITIALIZED_AUTOS = YES_AGGRESSIVE;
				GCC_WARN_UNUSED_FUNCTION = YES;
				GCC_WARN_UNUSED_VARIABLE = YES;
				MTL_ENABLE_DEBUG_INFO = INCLUDE_SOURCE;
				MTL_FAST_MATH = YES;
				ONLY_ACTIVE_ARCH = YES;
				SWIFT_ACTIVE_COMPILATION_CONDITIONS = DEBUG;
				SWIFT_OPTIMIZATION_LEVEL = "-Onone";
			};
			name = Debug;
		};
		00A569852852420000816F44 /* Release */ = {
			isa = XCBuildConfiguration;
			buildSettings = {
				ALWAYS_SEARCH_USER_PATHS = NO;
				CLANG_ANALYZER_NONNULL = YES;
				CLANG_ANALYZER_NUMBER_OBJECT_CONVERSION = YES_AGGRESSIVE;
				CLANG_CXX_LANGUAGE_STANDARD = "gnu++17";
				CLANG_ENABLE_MODULES = YES;
				CLANG_ENABLE_OBJC_ARC = YES;
				CLANG_ENABLE_OBJC_WEAK = YES;
				CLANG_WARN_BLOCK_CAPTURE_AUTORELEASING = YES;
				CLANG_WARN_BOOL_CONVERSION = YES;
				CLANG_WARN_COMMA = YES;
				CLANG_WARN_CONSTANT_CONVERSION = YES;
				CLANG_WARN_DEPRECATED_OBJC_IMPLEMENTATIONS = YES;
				CLANG_WARN_DIRECT_OBJC_ISA_USAGE = YES_ERROR;
				CLANG_WARN_DOCUMENTATION_COMMENTS = YES;
				CLANG_WARN_EMPTY_BODY = YES;
				CLANG_WARN_ENUM_CONVERSION = YES;
				CLANG_WARN_INFINITE_RECURSION = YES;
				CLANG_WARN_INT_CONVERSION = YES;
				CLANG_WARN_NON_LITERAL_NULL_CONVERSION = YES;
				CLANG_WARN_OBJC_IMPLICIT_RETAIN_SELF = YES;
				CLANG_WARN_OBJC_LITERAL_CONVERSION = YES;
				CLANG_WARN_OBJC_ROOT_CLASS = YES_ERROR;
				CLANG_WARN_QUOTED_INCLUDE_IN_FRAMEWORK_HEADER = YES;
				CLANG_WARN_RANGE_LOOP_ANALYSIS = YES;
				CLANG_WARN_STRICT_PROTOTYPES = YES;
				CLANG_WARN_SUSPICIOUS_MOVE = YES;
				CLANG_WARN_UNGUARDED_AVAILABILITY = YES_AGGRESSIVE;
				CLANG_WARN_UNREACHABLE_CODE = YES;
				CLANG_WARN__DUPLICATE_METHOD_MATCH = YES;
				COPY_PHASE_STRIP = NO;
				DEBUG_INFORMATION_FORMAT = "dwarf-with-dsym";
				ENABLE_NS_ASSERTIONS = NO;
				ENABLE_STRICT_OBJC_MSGSEND = YES;
				GCC_C_LANGUAGE_STANDARD = gnu11;
				GCC_NO_COMMON_BLOCKS = YES;
				GCC_WARN_64_TO_32_BIT_CONVERSION = YES;
				GCC_WARN_ABOUT_RETURN_TYPE = YES_ERROR;
				GCC_WARN_UNDECLARED_SELECTOR = YES;
				GCC_WARN_UNINITIALIZED_AUTOS = YES_AGGRESSIVE;
				GCC_WARN_UNUSED_FUNCTION = YES;
				GCC_WARN_UNUSED_VARIABLE = YES;
				MTL_ENABLE_DEBUG_INFO = NO;
				MTL_FAST_MATH = YES;
				SWIFT_COMPILATION_MODE = wholemodule;
				SWIFT_OPTIMIZATION_LEVEL = "-O";
			};
			name = Release;
		};
		00A569872852420000816F44 /* Debug */ = {
			isa = XCBuildConfiguration;
			buildSettings = {
				ASSETCATALOG_COMPILER_APPICON_NAME = AppIcon;
				ASSETCATALOG_COMPILER_GLOBAL_ACCENT_COLOR_NAME = AccentColor;
				CODE_SIGN_STYLE = Automatic;
				CURRENT_PROJECT_VERSION = 1;
				ENABLE_PREVIEWS = YES;
				GENERATE_INFOPLIST_FILE = YES;
				INFOPLIST_KEY_UIApplicationSceneManifest_Generation = YES;
				INFOPLIST_KEY_UIApplicationSupportsIndirectInputEvents = YES;
				INFOPLIST_KEY_UILaunchScreen_Generation = YES;
				INFOPLIST_KEY_UISupportedInterfaceOrientations_iPad = "UIInterfaceOrientationPortrait UIInterfaceOrientationPortraitUpsideDown UIInterfaceOrientationLandscapeLeft UIInterfaceOrientationLandscapeRight";
				INFOPLIST_KEY_UISupportedInterfaceOrientations_iPhone = "UIInterfaceOrientationPortrait UIInterfaceOrientationLandscapeLeft UIInterfaceOrientationLandscapeRight";
				IPHONEOS_DEPLOYMENT_TARGET = 15.5;
				LD_RUNPATH_SEARCH_PATHS = (
					"$(inherited)",
					"@executable_path/Frameworks",
				);
				MARKETING_VERSION = 1.0;
				PRODUCT_BUNDLE_IDENTIFIER = iosprogramming.Todo;
				PRODUCT_NAME = Todo;
				SDKROOT = iphoneos;
				SWIFT_EMIT_LOC_STRINGS = YES;
				SWIFT_VERSION = 5.0;
				TARGETED_DEVICE_FAMILY = "1,2";
			};
			name = Debug;
		};
		00A569882852420000816F44 /* Release */ = {
			isa = XCBuildConfiguration;
			buildSettings = {
				ASSETCATALOG_COMPILER_APPICON_NAME = AppIcon;
				ASSETCATALOG_COMPILER_GLOBAL_ACCENT_COLOR_NAME = AccentColor;
				CODE_SIGN_STYLE = Automatic;
				CURRENT_PROJECT_VERSION = 1;
				ENABLE_PREVIEWS = YES;
				GENERATE_INFOPLIST_FILE = YES;
				INFOPLIST_KEY_UIApplicationSceneManifest_Generation = YES;
				INFOPLIST_KEY_UIApplicationSupportsIndirectInputEvents = YES;
				INFOPLIST_KEY_UILaunchScreen_Generation = YES;
				INFOPLIST_KEY_UISupportedInterfaceOrientations_iPad = "UIInterfaceOrientationPortrait UIInterfaceOrientationPortraitUpsideDown UIInterfaceOrientationLandscapeLeft UIInterfaceOrientationLandscapeRight";
				INFOPLIST_KEY_UISupportedInterfaceOrientations_iPhone = "UIInterfaceOrientationPortrait UIInterfaceOrientationLandscapeLeft UIInterfaceOrientationLandscapeRight";
				IPHONEOS_DEPLOYMENT_TARGET = 15.5;
				LD_RUNPATH_SEARCH_PATHS = (
					"$(inherited)",
					"@executable_path/Frameworks",
				);
				MARKETING_VERSION = 1.0;
				PRODUCT_BUNDLE_IDENTIFIER = iosprogramming.Todo;
				PRODUCT_NAME = Todo;
				SDKROOT = iphoneos;
				SWIFT_EMIT_LOC_STRINGS = YES;
				SWIFT_VERSION = 5.0;
				TARGETED_DEVICE_FAMILY = "1,2";
				VALIDATE_PRODUCT = YES;
			};
			name = Release;
		};
		00A5698A2852420000816F44 /* Debug */ = {
			isa = XCBuildConfiguration;
			buildSettings = {
				ASSETCATALOG_COMPILER_APPICON_NAME = AppIcon;
				ASSETCATALOG_COMPILER_GLOBAL_ACCENT_COLOR_NAME = AccentColor;
				CODE_SIGN_ENTITLEMENTS = macOS/macOS.entitlements;
				CODE_SIGN_STYLE = Automatic;
				COMBINE_HIDPI_IMAGES = YES;
				CURRENT_PROJECT_VERSION = 1;
				ENABLE_PREVIEWS = YES;
				GENERATE_INFOPLIST_FILE = YES;
				INFOPLIST_KEY_NSHumanReadableCopyright = "";
				LD_RUNPATH_SEARCH_PATHS = (
					"$(inherited)",
					"@executable_path/../Frameworks",
				);
				MACOSX_DEPLOYMENT_TARGET = 12.3;
				MARKETING_VERSION = 1.0;
				PRODUCT_BUNDLE_IDENTIFIER = iosprogramming.Todo;
				PRODUCT_NAME = Todo;
				SDKROOT = macosx;
				SWIFT_EMIT_LOC_STRINGS = YES;
				SWIFT_VERSION = 5.0;
			};
			name = Debug;
		};
		00A5698B2852420000816F44 /* Release */ = {
			isa = XCBuildConfiguration;
			buildSettings = {
				ASSETCATALOG_COMPILER_APPICON_NAME = AppIcon;
				ASSETCATALOG_COMPILER_GLOBAL_ACCENT_COLOR_NAME = AccentColor;
				CODE_SIGN_ENTITLEMENTS = macOS/macOS.entitlements;
				CODE_SIGN_STYLE = Automatic;
				COMBINE_HIDPI_IMAGES = YES;
				CURRENT_PROJECT_VERSION = 1;
				ENABLE_PREVIEWS = YES;
				GENERATE_INFOPLIST_FILE = YES;
				INFOPLIST_KEY_NSHumanReadableCopyright = "";
				LD_RUNPATH_SEARCH_PATHS = (
					"$(inherited)",
					"@executable_path/../Frameworks",
				);
				MACOSX_DEPLOYMENT_TARGET = 12.3;
				MARKETING_VERSION = 1.0;
				PRODUCT_BUNDLE_IDENTIFIER = iosprogramming.Todo;
				PRODUCT_NAME = Todo;
				SDKROOT = macosx;
				SWIFT_EMIT_LOC_STRINGS = YES;
				SWIFT_VERSION = 5.0;
			};
			name = Release;
		};
		00A5698D2852420000816F44 /* Debug */ = {
			isa = XCBuildConfiguration;
			buildSettings = {
				ALWAYS_EMBED_SWIFT_STANDARD_LIBRARIES = YES;
				CODE_SIGN_STYLE = Automatic;
				CURRENT_PROJECT_VERSION = 1;
				GENERATE_INFOPLIST_FILE = YES;
				IPHONEOS_DEPLOYMENT_TARGET = 15.5;
				MARKETING_VERSION = 1.0;
				PRODUCT_BUNDLE_IDENTIFIER = "iosprogramming.Tests-iOS";
				PRODUCT_NAME = "$(TARGET_NAME)";
				SDKROOT = iphoneos;
				SWIFT_EMIT_LOC_STRINGS = NO;
				SWIFT_VERSION = 5.0;
				TARGETED_DEVICE_FAMILY = "1,2";
				TEST_TARGET_NAME = "Todo (iOS)";
			};
			name = Debug;
		};
		00A5698E2852420000816F44 /* Release */ = {
			isa = XCBuildConfiguration;
			buildSettings = {
				ALWAYS_EMBED_SWIFT_STANDARD_LIBRARIES = YES;
				CODE_SIGN_STYLE = Automatic;
				CURRENT_PROJECT_VERSION = 1;
				GENERATE_INFOPLIST_FILE = YES;
				IPHONEOS_DEPLOYMENT_TARGET = 15.5;
				MARKETING_VERSION = 1.0;
				PRODUCT_BUNDLE_IDENTIFIER = "iosprogramming.Tests-iOS";
				PRODUCT_NAME = "$(TARGET_NAME)";
				SDKROOT = iphoneos;
				SWIFT_EMIT_LOC_STRINGS = NO;
				SWIFT_VERSION = 5.0;
				TARGETED_DEVICE_FAMILY = "1,2";
				TEST_TARGET_NAME = "Todo (iOS)";
				VALIDATE_PRODUCT = YES;
			};
			name = Release;
		};
		00A569902852420000816F44 /* Debug */ = {
			isa = XCBuildConfiguration;
			buildSettings = {
				ALWAYS_EMBED_SWIFT_STANDARD_LIBRARIES = YES;
				CODE_SIGN_STYLE = Automatic;
				CURRENT_PROJECT_VERSION = 1;
				GENERATE_INFOPLIST_FILE = YES;
				MACOSX_DEPLOYMENT_TARGET = 12.3;
				MARKETING_VERSION = 1.0;
				PRODUCT_BUNDLE_IDENTIFIER = "iosprogramming.Tests-macOS";
				PRODUCT_NAME = "$(TARGET_NAME)";
				SDKROOT = macosx;
				SWIFT_EMIT_LOC_STRINGS = NO;
				SWIFT_VERSION = 5.0;
				TEST_TARGET_NAME = "Todo (macOS)";
			};
			name = Debug;
		};
		00A569912852420000816F44 /* Release */ = {
			isa = XCBuildConfiguration;
			buildSettings = {
				ALWAYS_EMBED_SWIFT_STANDARD_LIBRARIES = YES;
				CODE_SIGN_STYLE = Automatic;
				CURRENT_PROJECT_VERSION = 1;
				GENERATE_INFOPLIST_FILE = YES;
				MACOSX_DEPLOYMENT_TARGET = 12.3;
				MARKETING_VERSION = 1.0;
				PRODUCT_BUNDLE_IDENTIFIER = "iosprogramming.Tests-macOS";
				PRODUCT_NAME = "$(TARGET_NAME)";
				SDKROOT = macosx;
				SWIFT_EMIT_LOC_STRINGS = NO;
				SWIFT_VERSION = 5.0;
				TEST_TARGET_NAME = "Todo (macOS)";
			};
			name = Release;
		};
/* End XCBuildConfiguration section */

/* Begin XCConfigurationList section */
		00A56954285241FC00816F44 /* Build configuration list for PBXProject "Todo" */ = {
			isa = XCConfigurationList;
			buildConfigurations = (
				00A569842852420000816F44 /* Debug */,
				00A569852852420000816F44 /* Release */,
			);
			defaultConfigurationIsVisible = 0;
			defaultConfigurationName = Release;
		};
		00A569862852420000816F44 /* Build configuration list for PBXNativeTarget "Todo (iOS)" */ = {
			isa = XCConfigurationList;
			buildConfigurations = (
				00A569872852420000816F44 /* Debug */,
				00A569882852420000816F44 /* Release */,
			);
			defaultConfigurationIsVisible = 0;
			defaultConfigurationName = Release;
		};
		00A569892852420000816F44 /* Build configuration list for PBXNativeTarget "Todo (macOS)" */ = {
			isa = XCConfigurationList;
			buildConfigurations = (
				00A5698A2852420000816F44 /* Debug */,
				00A5698B2852420000816F44 /* Release */,
			);
			defaultConfigurationIsVisible = 0;
			defaultConfigurationName = Release;
		};
		00A5698C2852420000816F44 /* Build configuration list for PBXNativeTarget "Tests iOS" */ = {
			isa = XCConfigurationList;
			buildConfigurations = (
				00A5698D2852420000816F44 /* Debug */,
				00A5698E2852420000816F44 /* Release */,
			);
			defaultConfigurationIsVisible = 0;
			defaultConfigurationName = Release;
		};
		00A5698F2852420000816F44 /* Build configuration list for PBXNativeTarget "Tests macOS" */ = {
			isa = XCConfigurationList;
			buildConfigurations = (
				00A569902852420000816F44 /* Debug */,
				00A569912852420000816F44 /* Release */,
			);
			defaultConfigurationIsVisible = 0;
			defaultConfigurationName = Release;
		};
/* End XCConfigurationList section */
	};
	rootObject = 00A56951285241FC00816F44 /* Project object */;
}
